
Microsoft Visual Studio Solution File, Format Version 12.00
# Visual Studio Version 16
VisualStudioVersion = 16.0.31624.102
MinimumVisualStudioVersion = 10.0.40219.1
Project("{FAE04EC0-301F-11D3-BF4B-00C04F79EFBC}") = "SMTVSaveUtil", "SMTVSaveUtil\SMTVSaveUtil.csproj", "{02C48EB9-2EA8-4704-BA5E-B6621F8017ED}"
EndProject
Global
	GlobalSection(SolutionConfigurationPlatforms) = preSolution
		Debug|Any CPU = Debug|Any CPU
		Release|Any CPU = Release|Any CPU
	EndGlobalSection
	GlobalSection(ProjectConfigurationPlatforms) = postSolution
		{02C48EB9-2EA8-4704-BA5E-B6621F8017ED}.Debug|Any CPU.ActiveCfg = Debug|Any CPU
		{02C48EB9-2EA8-4704-BA5E-B6621F8017ED}.Debug|Any CPU.Build.0 = Debug|Any CPU
		{02C48EB9-2EA8-4704-BA5E-B6621F8017ED}.Release|Any CPU.ActiveCfg = Release|Any CPU
		{02C48EB9-2EA8-4704-BA5E-B6621F8017ED}.Release|Any CPU.Build.0 = Release|Any CPU
	EndGlobalSection
	GlobalSection(SolutionProperties) = preSolution
		HideSolutionNode = FALSE
	EndGlobalSection
	GlobalSection(ExtensibilityGlobals) = postSolution
		SolutionGuid = {17975D52-6D54-43C6-8F80-CCBF2CEF92E2}
	EndGlobalSection
EndGlobal
